
Microsoft Visual Studio Solution File, Format Version 12.00
# Visual Studio Version 17
VisualStudioVersion = 17.2.32526.322
MinimumVisualStudioVersion = 10.0.40219.1
Project("{FAE04EC0-301F-11D3-BF4B-00C04F79EFBC}") = "Team15-SEP2022", "Team15-SEP2022\Team15-SEP2022.csproj", "{9F2DB258-7705-492A-B844-6028B22FB451}"
EndProject
Project("{FAE04EC0-301F-11D3-BF4B-00C04F79EFBC}") = "Team15-SEP2022.Tests", "Team15-SEP2022.Tests\Team15-SEP2022.Tests.csproj", "{2FA89538-F47D-4AD6-B2B5-BD27AC0D60A7}"
EndProject
Global
	GlobalSection(SolutionConfigurationPlatforms) = preSolution
		Debug|Any CPU = Debug|Any CPU
		Release|Any CPU = Release|Any CPU
	EndGlobalSection
	GlobalSection(ProjectConfigurationPlatforms) = postSolution
		{9F2DB258-7705-492A-B844-6028B22FB451}.Debug|Any CPU.ActiveCfg = Debug|Any CPU
		{9F2DB258-7705-492A-B844-6028B22FB451}.Debug|Any CPU.Build.0 = Debug|Any CPU
		{9F2DB258-7705-492A-B844-6028B22FB451}.Release|Any CPU.ActiveCfg = Release|Any CPU
		{9F2DB258-7705-492A-B844-6028B22FB451}.Release|Any CPU.Build.0 = Release|Any CPU
		{2FA89538-F47D-4AD6-B2B5-BD27AC0D60A7}.Debug|Any CPU.ActiveCfg = Debug|Any CPU
		{2FA89538-F47D-4AD6-B2B5-BD27AC0D60A7}.Debug|Any CPU.Build.0 = Debug|Any CPU
		{2FA89538-F47D-4AD6-B2B5-BD27AC0D60A7}.Release|Any CPU.ActiveCfg = Release|Any CPU
		{2FA89538-F47D-4AD6-B2B5-BD27AC0D60A7}.Release|Any CPU.Build.0 = Release|Any CPU
	EndGlobalSection
	GlobalSection(SolutionProperties) = preSolution
		HideSolutionNode = FALSE
	EndGlobalSection
	GlobalSection(ExtensibilityGlobals) = postSolution
		SolutionGuid = {64644F9F-2978-4101-85C4-8E65BB546C72}
	EndGlobalSection
EndGlobal
